
Microsoft Visual Studio Solution File, Format Version 12.00
# Visual Studio Version 17
VisualStudioVersion = 17.0.31903.59
MinimumVisualStudioVersion = 10.0.40219.1
Project("{FAE04EC0-301F-11D3-BF4B-00C04F79EFBC}") = "StockTradingApplication", "StockTradingApplication\StockTradingApplication.csproj", "{11ADA6B8-1643-4005-8787-CE029A032506}"
EndProject
Project("{FAE04EC0-301F-11D3-BF4B-00C04F79EFBC}") = "StockTradingDomain", "StockTradingDomain\StockTradingDomain.csproj", "{596D24F5-DE6E-4B0C-96B0-6E68891FF2E3}"
EndProject
Project("{FAE04EC0-301F-11D3-BF4B-00C04F79EFBC}") = "StockTradingInfrastructure", "StockTradingInfrastructure\StockTradingInfrastructure.csproj", "{14ECC5E2-B3F4-4AF5-9580-63B8E3A19BC2}"
EndProject
Project("{FAE04EC0-301F-11D3-BF4B-00C04F79EFBC}") = "StockTradingWebAPI", "StockTradingWebAPI\StockTradingWebAPI.csproj", "{06CFEA5A-5266-41E5-9AF6-8D7CBB497F3C}"
EndProject
Global
	GlobalSection(SolutionConfigurationPlatforms) = preSolution
		Debug|Any CPU = Debug|Any CPU
		Release|Any CPU = Release|Any CPU
	EndGlobalSection
	GlobalSection(SolutionProperties) = preSolution
		HideSolutionNode = FALSE
	EndGlobalSection
	GlobalSection(ProjectConfigurationPlatforms) = postSolution
		{11ADA6B8-1643-4005-8787-CE029A032506}.Debug|Any CPU.ActiveCfg = Debug|Any CPU
		{11ADA6B8-1643-4005-8787-CE029A032506}.Debug|Any CPU.Build.0 = Debug|Any CPU
		{11ADA6B8-1643-4005-8787-CE029A032506}.Release|Any CPU.ActiveCfg = Release|Any CPU
		{11ADA6B8-1643-4005-8787-CE029A032506}.Release|Any CPU.Build.0 = Release|Any CPU
		{596D24F5-DE6E-4B0C-96B0-6E68891FF2E3}.Debug|Any CPU.ActiveCfg = Debug|Any CPU
		{596D24F5-DE6E-4B0C-96B0-6E68891FF2E3}.Debug|Any CPU.Build.0 = Debug|Any CPU
		{596D24F5-DE6E-4B0C-96B0-6E68891FF2E3}.Release|Any CPU.ActiveCfg = Release|Any CPU
		{596D24F5-DE6E-4B0C-96B0-6E68891FF2E3}.Release|Any CPU.Build.0 = Release|Any CPU
		{14ECC5E2-B3F4-4AF5-9580-63B8E3A19BC2}.Debug|Any CPU.ActiveCfg = Debug|Any CPU
		{14ECC5E2-B3F4-4AF5-9580-63B8E3A19BC2}.Debug|Any CPU.Build.0 = Debug|Any CPU
		{14ECC5E2-B3F4-4AF5-9580-63B8E3A19BC2}.Release|Any CPU.ActiveCfg = Release|Any CPU
		{14ECC5E2-B3F4-4AF5-9580-63B8E3A19BC2}.Release|Any CPU.Build.0 = Release|Any CPU
		{06CFEA5A-5266-41E5-9AF6-8D7CBB497F3C}.Debug|Any CPU.ActiveCfg = Debug|Any CPU
		{06CFEA5A-5266-41E5-9AF6-8D7CBB497F3C}.Debug|Any CPU.Build.0 = Debug|Any CPU
		{06CFEA5A-5266-41E5-9AF6-8D7CBB497F3C}.Release|Any CPU.ActiveCfg = Release|Any CPU
		{06CFEA5A-5266-41E5-9AF6-8D7CBB497F3C}.Release|Any CPU.Build.0 = Release|Any CPU
	EndGlobalSection
EndGlobal
